
Microsoft Visual Studio Solution File, Format Version 12.00
# Visual Studio Version 17
VisualStudioVersion = 17.7.34031.279
MinimumVisualStudioVersion = 10.0.40219.1
Project("{FAE04EC0-301F-11D3-BF4B-00C04F79EFBC}") = "Entities", "Entities\Entities.csproj", "{F281CAE3-38A3-4AF6-8632-C336C8755247}"
EndProject
Project("{FAE04EC0-301F-11D3-BF4B-00C04F79EFBC}") = "Business", "Business\Business.csproj", "{87DE5366-B6F9-4893-A98F-34311161E303}"
EndProject
Project("{FAE04EC0-301F-11D3-BF4B-00C04F79EFBC}") = "Core", "Core\Core.csproj", "{620D301F-4B63-466C-B797-16FDCB393795}"
EndProject
Project("{FAE04EC0-301F-11D3-BF4B-00C04F79EFBC}") = "DataAccess", "DataAccess\DataAccess.csproj", "{095E63B8-8BC8-4A98-945A-3B932C6FBCFB}"
EndProject
Project("{FAE04EC0-301F-11D3-BF4B-00C04F79EFBC}") = "WebApi", "WebApi\WebApi.csproj", "{135F2028-BA6B-49B4-BA61-A28E2AE87AC6}"
EndProject
Global
	GlobalSection(SolutionConfigurationPlatforms) = preSolution
		Debug|Any CPU = Debug|Any CPU
		Release|Any CPU = Release|Any CPU
	EndGlobalSection
	GlobalSection(ProjectConfigurationPlatforms) = postSolution
		{F281CAE3-38A3-4AF6-8632-C336C8755247}.Debug|Any CPU.ActiveCfg = Debug|Any CPU
		{F281CAE3-38A3-4AF6-8632-C336C8755247}.Debug|Any CPU.Build.0 = Debug|Any CPU
		{F281CAE3-38A3-4AF6-8632-C336C8755247}.Release|Any CPU.ActiveCfg = Release|Any CPU
		{F281CAE3-38A3-4AF6-8632-C336C8755247}.Release|Any CPU.Build.0 = Release|Any CPU
		{87DE5366-B6F9-4893-A98F-34311161E303}.Debug|Any CPU.ActiveCfg = Debug|Any CPU
		{87DE5366-B6F9-4893-A98F-34311161E303}.Debug|Any CPU.Build.0 = Debug|Any CPU
		{87DE5366-B6F9-4893-A98F-34311161E303}.Release|Any CPU.ActiveCfg = Release|Any CPU
		{87DE5366-B6F9-4893-A98F-34311161E303}.Release|Any CPU.Build.0 = Release|Any CPU
		{620D301F-4B63-466C-B797-16FDCB393795}.Debug|Any CPU.ActiveCfg = Debug|Any CPU
		{620D301F-4B63-466C-B797-16FDCB393795}.Debug|Any CPU.Build.0 = Debug|Any CPU
		{620D301F-4B63-466C-B797-16FDCB393795}.Release|Any CPU.ActiveCfg = Release|Any CPU
		{620D301F-4B63-466C-B797-16FDCB393795}.Release|Any CPU.Build.0 = Release|Any CPU
		{095E63B8-8BC8-4A98-945A-3B932C6FBCFB}.Debug|Any CPU.ActiveCfg = Debug|Any CPU
		{095E63B8-8BC8-4A98-945A-3B932C6FBCFB}.Debug|Any CPU.Build.0 = Debug|Any CPU
		{095E63B8-8BC8-4A98-945A-3B932C6FBCFB}.Release|Any CPU.ActiveCfg = Release|Any CPU
		{095E63B8-8BC8-4A98-945A-3B932C6FBCFB}.Release|Any CPU.Build.0 = Release|Any CPU
		{135F2028-BA6B-49B4-BA61-A28E2AE87AC6}.Debug|Any CPU.ActiveCfg = Debug|Any CPU
		{135F2028-BA6B-49B4-BA61-A28E2AE87AC6}.Debug|Any CPU.Build.0 = Debug|Any CPU
		{135F2028-BA6B-49B4-BA61-A28E2AE87AC6}.Release|Any CPU.ActiveCfg = Release|Any CPU
		{135F2028-BA6B-49B4-BA61-A28E2AE87AC6}.Release|Any CPU.Build.0 = Release|Any CPU
	EndGlobalSection
	GlobalSection(SolutionProperties) = preSolution
		HideSolutionNode = FALSE
	EndGlobalSection
	GlobalSection(ExtensibilityGlobals) = postSolution
		SolutionGuid = {10998196-3724-4061-A013-1A6FBC23A2C8}
	EndGlobalSection
EndGlobal
